github.com/ONSdigital/dp-api-clients-go/v2 v2.251.1-0.20230419120408-e8f5f9d25e0f h1:MgPoUXog3NgBe4IFZg2jOy9FKx67hrifvl/iHrdXkjg=
github.com/ONSdigital/dp-api-clients-go/v2 v2.251.1-0.20230419120408-e8f5f9d25e0f/go.mod h1:LTK1xN1heJYvmlcBqW6BTwAS3tBHSJIabbnQvJblgXs=
github.com/ONSdigital/dp-net/v2 v2.8.2-0.20230419120713-385da54498d1 h1:vUcpslxhKsAfhwYxv3GcQsestn8i449M8SXu/hx0Psg=
github.com/ONSdigital/dp-net/v2 v2.8.2-0.20230419120713-385da54498d1/go.mod h1:SYLCesz1mQadKKU7aER+vSTXkcqZfk1MTOFru2n/S5E=
github.com/ONSdigital/log.go/v2 v2.2.1-0.20230419120957-e0f930f05ec6 h1:+NwI9uUxtda/RoWluy5fyI8fWxPYT3MTiGwmCommUvo=
github.com/ONSdigital/log.go/v2 v2.2.1-0.20230419120957-e0f930f05ec6/go.mod h1:U/Q/J30lNSm6ZYZzT4lrhEIJUWX5Pwat/ub0iQ1UvV8=
github.com/fatih/color v1.15.0 h1:kOqh6YHBtK8aywxGerMG2Eq3H6Qgoqeo13Bk2Mv/nBs=
github.com/fatih/color v1.15.0/go.mod h1:0h5ZqXfHYED7Bhv2ZJamyIOUej9KtShiJESRwBDUSsw=
github.com/gopherjs/gopherjs v1.17.2 h1:fQnZVsXk8uxXIStYb0N4bGk7jeyTalG/wsZjQ25dO0g=
github.com/hokaccha/go-prettyjson v0.0.0-20211117102719-0474bc63780f h1:7LYC+Yfkj3CTRcShK0KOL/w6iTiKyqqBA9a41Wnggw8=
github.com/hokaccha/go-prettyjson v0.0.0-20211117102719-0474bc63780f/go.mod h1:pFlLw2CfqZiIBOx6BuCeRLCrfxBJipTY0nIOF/VbGcI=
github.com/jtolds/gls v4.20.0+incompatible h1:xdiiI2gbIgH/gLH7ADydsJ1uDOEzR8yvV7C0MuV77Wo=
github.com/mattn/go-colorable v0.1.13 h1:fFA4WZxdEF4tXPZVKMLwD8oUnCTTo08duU7wxecdEvA=
github.com/mattn/go-colorable v0.1.13/go.mod h1:7S9/ev0klgBDR4GtXTXX8a3vIGJpMovkB8vQcUbaXHg=
github.com/mattn/go-isatty v0.0.16/go.mod h1:kYGgaQfpe5nmfYZH+SKPsOc2e4SrIfOl2e/yFXSvRLM=
github.com/mattn/go-isatty v0.0.18 h1:DOKFKCQ7FNG2L1rbrmstDN4QVRdS89Nkh85u68Uwp98=
github.com/mattn/go-isatty v0.0.18/go.mod h1:W+V8PltTTMOvKvAeJH7IuucS94S2C6jfK/D7dTCTo3Y=
github.com/smartystreets/assertions v1.13.0 h1:Dx1kYM01xsSqKPno3aqLnrwac2LetPvN23diwyr69Qs=
github.com/smartystreets/goconvey v1.7.2 h1:9RBaZCeXEQ3UselpuwUQHltGVXvdwm6cv1hgR6gDIPg=
golang.org/x/sys v0.0.0-20220811171246-fbc7d0a398ab/go.mod h1:oPkhp1MJrh7nUepCBck5+mAzfO9JrbApNNgaTdGDITg=
golang.org/x/sys v0.6.0 h1:MVltZSvRTcU2ljQOhs94SXPftV6DCNnZViHeQps87pQ=
golang.org/x/sys v0.6.0/go.mod h1:oPkhp1MJrh7nUepCBck5+mAzfO9JrbApNNgaTdGDITg=
